// !$*UTF8*$!
{
	archiveVersion = 1;
	classes = {
	};
	objectVersion = 50;
	objects = {

/* Begin PBXBuildFile section */
		7C2E814F267B3DA600E36AA7 /* SwiftCrashSignalExceptionHandler.swift in Sources */ = {isa = PBXBuildFile; fileRef = 7C2E814E267B3DA600E36AA7 /* SwiftCrashSignalExceptionHandler.swift */; };
		7C3B7D25267588B8005286D3 /* AppDelegate.swift in Sources */ = {isa = PBXBuildFile; fileRef = 7C3B7D24267588B8005286D3 /* AppDelegate.swift */; };
		7C3B7D29267588B8005286D3 /* ViewController.swift in Sources */ = {isa = PBXBuildFile; fileRef = 7C3B7D28267588B8005286D3 /* ViewController.swift */; };
		7C3B7D2C267588B8005286D3 /* Main.storyboard in Resources */ = {isa = PBXBuildFile; fileRef = 7C3B7D2A267588B8005286D3 /* Main.storyboard */; };
		7C3B7D2E267588B9005286D3 /* Assets.xcassets in Resources */ = {isa = PBXBuildFile; fileRef = 7C3B7D2D267588B9005286D3 /* Assets.xcassets */; };
		7C3B7D31267588B9005286D3 /* LaunchScreen.storyboard in Resources */ = {isa = PBXBuildFile; fileRef = 7C3B7D2F267588B9005286D3 /* LaunchScreen.storyboard */; };
		7C3EEEFE2697F76C007D8694 /* CrashTool.m in Sources */ = {isa = PBXBuildFile; fileRef = 7C3EEEFB2697F76A007D8694 /* CrashTool.m */; };
		7C3EEEFF2697F76C007D8694 /* CrashSignalExceptionHandler.m in Sources */ = {isa = PBXBuildFile; fileRef = 7C3EEEFD2697F76C007D8694 /* CrashSignalExceptionHandler.m */; };
		7CA19A7A269829610020556F /* CrashStateManager.m in Sources */ = {isa = PBXBuildFile; fileRef = 7CA19A79269829610020556F /* CrashStateManager.m */; };
		7CAE8D8B269EE39D00D41198 /* CrashUncaughtExceptionHandler.m in Sources */ = {isa = PBXBuildFile; fileRef = 7CAE8D89269EE39C00D41198 /* CrashUncaughtExceptionHandler.m */; };
		7CE671FC2679A8B700DADCDA /* NextViewController.m in Sources */ = {isa = PBXBuildFile; fileRef = 7CE671FB2679A8B700DADCDA /* NextViewController.m */; };
/* End PBXBuildFile section */

/* Begin PBXFileReference section */
		23C62AB98891B25235DA0C34 /* libPods-demoCrash.a */ = {isa = PBXFileReference; explicitFileType = archive.ar; includeInIndex = 0; path = "libPods-demoCrash.a"; sourceTree = BUILT_PRODUCTS_DIR; };
		7C2E814E267B3DA600E36AA7 /* SwiftCrashSignalExceptionHandler.swift */ = {isa = PBXFileReference; fileEncoding = 4; lastKnownFileType = sourcecode.swift; path = SwiftCrashSignalExceptionHandler.swift; sourceTree = "<group>"; };
		7C3B7D21267588B8005286D3 /* demoCrash.app */ = {isa = PBXFileReference; explicitFileType = wrapper.application; includeInIndex = 0; path = demoCrash.app; sourceTree = BUILT_PRODUCTS_DIR; };
		7C3B7D24267588B8005286D3 /* AppDelegate.swift */ = {isa = PBXFileReference; lastKnownFileType = sourcecode.swift; path = AppDelegate.swift; sourceTree = "<group>"; };
		7C3B7D28267588B8005286D3 /* ViewController.swift */ = {isa = PBXFileReference; lastKnownFileType = sourcecode.swift; path = ViewController.swift; sourceTree = "<group>"; };
		7C3B7D2B267588B8005286D3 /* Base */ = {isa = PBXFileReference; lastKnownFileType = file.storyboard; name = Base; path = Base.lproj/Main.storyboard; sourceTree = "<group>"; };
		7C3B7D2D267588B9005286D3 /* Assets.xcassets */ = {isa = PBXFileReference; lastKnownFileType = folder.assetcatalog; path = Assets.xcassets; sourceTree = "<group>"; };
		7C3B7D30267588B9005286D3 /* Base */ = {isa = PBXFileReference; lastKnownFileType = file.storyboard; name = Base; path = Base.lproj/LaunchScreen.storyboard; sourceTree = "<group>"; };
		7C3B7D32267588B9005286D3 /* Info.plist */ = {isa = PBXFileReference; lastKnownFileType = text.plist.xml; path = Info.plist; sourceTree = "<group>"; };
		7C3B7D392675897E005286D3 /* demoCrash-Bridging-Header.h */ = {isa = PBXFileReference; lastKnownFileType = sourcecode.c.h; path = "demoCrash-Bridging-Header.h"; sourceTree = "<group>"; };
		7C3EEEFA2697F768007D8694 /* CrashSignalExceptionHandler.h */ = {isa = PBXFileReference; fileEncoding = 4; lastKnownFileType = sourcecode.c.h; path = CrashSignalExceptionHandler.h; sourceTree = "<group>"; };
		7C3EEEFB2697F76A007D8694 /* CrashTool.m */ = {isa = PBXFileReference; fileEncoding = 4; lastKnownFileType = sourcecode.c.objc; path = CrashTool.m; sourceTree = "<group>"; };
		7C3EEEFC2697F76B007D8694 /* CrashTool.h */ = {isa = PBXFileReference; fileEncoding = 4; lastKnownFileType = sourcecode.c.h; path = CrashTool.h; sourceTree = "<group>"; };
		7C3EEEFD2697F76C007D8694 /* CrashSignalExceptionHandler.m */ = {isa = PBXFileReference; fileEncoding = 4; lastKnownFileType = sourcecode.c.objc; path = CrashSignalExceptionHandler.m; sourceTree = "<group>"; };
		7CA19A78269829610020556F /* CrashStateManager.h */ = {isa = PBXFileReference; lastKnownFileType = sourcecode.c.h; path = CrashStateManager.h; sourceTree = "<group>"; };
		7CA19A79269829610020556F /* CrashStateManager.m */ = {isa = PBXFileReference; lastKnownFileType = sourcecode.c.objc; path = CrashStateManager.m; sourceTree = "<group>"; };
		7CAE8D89269EE39C00D41198 /* CrashUncaughtExceptionHandler.m */ = {isa = PBXFileReference; fileEncoding = 4; lastKnownFileType = sourcecode.c.objc; path = CrashUncaughtExceptionHandler.m; sourceTree = "<group>"; };
		7CAE8D8A269EE39D00D41198 /* CrashUncaughtExceptionHandler.h */ = {isa = PBXFileReference; fileEncoding = 4; lastKnownFileType = sourcecode.c.h; path = CrashUncaughtExceptionHandler.h; sourceTree = "<group>"; };
		7CD8470926AE852300E92597 /* libPods-demoCrash.a */ = {isa = PBXFileReference; explicitFileType = archive.ar; path = "libPods-demoCrash.a"; sourceTree = BUILT_PRODUCTS_DIR; };
		7CE671FA2679A8B700DADCDA /* NextViewController.h */ = {isa = PBXFileReference; lastKnownFileType = sourcecode.c.h; path = NextViewController.h; sourceTree = "<group>"; };
		7CE671FB2679A8B700DADCDA /* NextViewController.m */ = {isa = PBXFileReference; lastKnownFileType = sourcecode.c.objc; path = NextViewController.m; sourceTree = "<group>"; };
/* End PBXFileReference section */

/* Begin PBXFrameworksBuildPhase section */
		7C3B7D1E267588B8005286D3 /* Frameworks */ = {
			isa = PBXFrameworksBuildPhase;
			buildActionMask = 2147483647;
			files = (
			);
			runOnlyForDeploymentPostprocessing = 0;
		};
/* End PBXFrameworksBuildPhase section */

/* Begin PBXGroup section */
		7C3B7D18267588B8005286D3 = {
			isa = PBXGroup;
			children = (
				7C3B7D23267588B8005286D3 /* demoCrash */,
				7C3B7D22267588B8005286D3 /* Products */,
				82C41A0845AC79C563F7B49C /* Frameworks */,
			);
			sourceTree = "<group>";
		};
		7C3B7D22267588B8005286D3 /* Products */ = {
			isa = PBXGroup;
			children = (
				7C3B7D21267588B8005286D3 /* demoCrash.app */,
			);
			name = Products;
			sourceTree = "<group>";
		};
		7C3B7D23267588B8005286D3 /* demoCrash */ = {
			isa = PBXGroup;
			children = (
				7C2E814E267B3DA600E36AA7 /* SwiftCrashSignalExceptionHandler.swift */,
				7C3B7D24267588B8005286D3 /* AppDelegate.swift */,
				7C3B7D28267588B8005286D3 /* ViewController.swift */,
				7CE671FA2679A8B700DADCDA /* NextViewController.h */,
				7CE671FB2679A8B700DADCDA /* NextViewController.m */,
				7CE24966269BDFE6004D417A /* CrashSignal */,
				7C3B7D2A267588B8005286D3 /* Main.storyboard */,
				7C3B7D2D267588B9005286D3 /* Assets.xcassets */,
				7C3B7D2F267588B9005286D3 /* LaunchScreen.storyboard */,
				7C3B7D32267588B9005286D3 /* Info.plist */,
				7C3B7D392675897E005286D3 /* demoCrash-Bridging-Header.h */,
			);
			path = demoCrash;
			sourceTree = "<group>";
		};
		7CE24966269BDFE6004D417A /* CrashSignal */ = {
			isa = PBXGroup;
			children = (
				7CAE8D8A269EE39D00D41198 /* CrashUncaughtExceptionHandler.h */,
				7CAE8D89269EE39C00D41198 /* CrashUncaughtExceptionHandler.m */,
				7C3EEEFA2697F768007D8694 /* CrashSignalExceptionHandler.h */,
				7C3EEEFD2697F76C007D8694 /* CrashSignalExceptionHandler.m */,
				7C3EEEFC2697F76B007D8694 /* CrashTool.h */,
				7C3EEEFB2697F76A007D8694 /* CrashTool.m */,
				7CA19A78269829610020556F /* CrashStateManager.h */,
				7CA19A79269829610020556F /* CrashStateManager.m */,
			);
			path = CrashSignal;
			sourceTree = "<group>";
		};
		82C41A0845AC79C563F7B49C /* Frameworks */ = {
			isa = PBXGroup;
			children = (
				7CD8470926AE852300E92597 /* libPods-demoCrash.a */,
				23C62AB98891B25235DA0C34 /* libPods-demoCrash.a */,
			);
			name = Frameworks;
			sourceTree = "<group>";
		};
/* End PBXGroup section */

/* Begin PBXNativeTarget section */
		7C3B7D20267588B8005286D3 /* demoCrash */ = {
			isa = PBXNativeTarget;
			buildConfigurationList = 7C3B7D35267588B9005286D3 /* Build configuration list for PBXNativeTarget "demoCrash" */;
			buildPhases = (
				7C3B7D1D267588B8005286D3 /* Sources */,
				7C3B7D1E267588B8005286D3 /* Frameworks */,
				7C3B7D1F267588B8005286D3 /* Resources */,
			);
			buildRules = (
			);
			dependencies = (
			);
			name = demoCrash;
			productName = demoCrash;
			productReference = 7C3B7D21267588B8005286D3 /* demoCrash.app */;
			productType = "com.apple.product-type.application";
		};
/* End PBXNativeTarget section */

/* Begin PBXProject section */
		7C3B7D19267588B8005286D3 /* Project object */ = {
			isa = PBXProject;
			attributes = {
				LastSwiftUpdateCheck = 1240;
				LastUpgradeCheck = 1240;
				TargetAttributes = {
					7C3B7D20267588B8005286D3 = {
						CreatedOnToolsVersion = 12.4;
						LastSwiftMigration = 1240;
					};
				};
			};
			buildConfigurationList = 7C3B7D1C267588B8005286D3 /* Build configuration list for PBXProject "demoCrash" */;
			compatibilityVersion = "Xcode 9.3";
			developmentRegion = en;
			hasScannedForEncodings = 0;
			knownRegions = (
				en,
				Base,
			);
			mainGroup = 7C3B7D18267588B8005286D3;
			productRefGroup = 7C3B7D22267588B8005286D3 /* Products */;
			projectDirPath = "";
			projectRoot = "";
			targets = (
				7C3B7D20267588B8005286D3 /* demoCrash */,
			);
		};
/* End PBXProject section */

/* Begin PBXResourcesBuildPhase section */
		7C3B7D1F267588B8005286D3 /* Resources */ = {
			isa = PBXResourcesBuildPhase;
			buildActionMask = 2147483647;
			files = (
				7C3B7D31267588B9005286D3 /* LaunchScreen.storyboard in Resources */,
				7C3B7D2E267588B9005286D3 /* Assets.xcassets in Resources */,
				7C3B7D2C267588B8005286D3 /* Main.storyboard in Resources */,
			);
			runOnlyForDeploymentPostprocessing = 0;
		};
/* End PBXResourcesBuildPhase section */

/* Begin PBXSourcesBuildPhase section */
		7C3B7D1D267588B8005286D3 /* Sources */ = {
			isa = PBXSourcesBuildPhase;
			buildActionMask = 2147483647;
			files = (
				7C3B7D29267588B8005286D3 /* ViewController.swift in Sources */,
				7C3EEEFF2697F76C007D8694 /* CrashSignalExceptionHandler.m in Sources */,
				7C3EEEFE2697F76C007D8694 /* CrashTool.m in Sources */,
				7CE671FC2679A8B700DADCDA /* NextViewController.m in Sources */,
				7CA19A7A269829610020556F /* CrashStateManager.m in Sources */,
				7C3B7D25267588B8005286D3 /* AppDelegate.swift in Sources */,
				7CAE8D8B269EE39D00D41198 /* CrashUncaughtExceptionHandler.m in Sources */,
				7C2E814F267B3DA600E36AA7 /* SwiftCrashSignalExceptionHandler.swift in Sources */,
			);
			runOnlyForDeploymentPostprocessing = 0;
		};
/* End PBXSourcesBuildPhase section */

/* Begin PBXVariantGroup section */
		7C3B7D2A267588B8005286D3 /* Main.storyboard */ = {
			isa = PBXVariantGroup;
			children = (
				7C3B7D2B267588B8005286D3 /* Base */,
			);
			name = Main.storyboard;
			sourceTree = "<group>";
		};
		7C3B7D2F267588B9005286D3 /* LaunchScreen.storyboard */ = {
			isa = PBXVariantGroup;
			children = (
				7C3B7D30267588B9005286D3 /* Base */,
			);
			name = LaunchScreen.storyboard;
			sourceTree = "<group>";
		};
/* End PBXVariantGroup section */

/* Begin XCBuildConfiguration section */
		7C3B7D33267588B9005286D3 /* Debug */ = {
			isa = XCBuildConfiguration;
			buildSettings = {
				ALWAYS_SEARCH_USER_PATHS = NO;
				CLANG_ANALYZER_NONNULL = YES;
				CLANG_ANALYZER_NUMBER_OBJECT_CONVERSION = YES_AGGRESSIVE;
				CLANG_CXX_LANGUAGE_STANDARD = "gnu++14";
				CLANG_CXX_LIBRARY = "libc++";
				CLANG_ENABLE_MODULES = YES;
				CLANG_ENABLE_OBJC_ARC = YES;
				CLANG_ENABLE_OBJC_WEAK = YES;
				CLANG_WARN_BLOCK_CAPTURE_AUTORELEASING = YES;
				CLANG_WARN_BOOL_CONVERSION = YES;
				CLANG_WARN_COMMA = YES;
				CLANG_WARN_CONSTANT_CONVERSION = YES;
				CLANG_WARN_DEPRECATED_OBJC_IMPLEMENTATIONS = YES;
				CLANG_WARN_DIRECT_OBJC_ISA_USAGE = YES_ERROR;
				CLANG_WARN_DOCUMENTATION_COMMENTS = YES;
				CLANG_WARN_EMPTY_BODY = YES;
				CLANG_WARN_ENUM_CONVERSION = YES;
				CLANG_WARN_INFINITE_RECURSION = YES;
				CLANG_WARN_INT_CONVERSION = YES;
				CLANG_WARN_NON_LITERAL_NULL_CONVERSION = YES;
				CLANG_WARN_OBJC_IMPLICIT_RETAIN_SELF = YES;
				CLANG_WARN_OBJC_LITERAL_CONVERSION = YES;
				CLANG_WARN_OBJC_ROOT_CLASS = YES_ERROR;
				CLANG_WARN_QUOTED_INCLUDE_IN_FRAMEWORK_HEADER = YES;
				CLANG_WARN_RANGE_LOOP_ANALYSIS = YES;
				CLANG_WARN_STRICT_PROTOTYPES = YES;
				CLANG_WARN_SUSPICIOUS_MOVE = YES;
				CLANG_WARN_UNGUARDED_AVAILABILITY = YES_AGGRESSIVE;
				CLANG_WARN_UNREACHABLE_CODE = YES;
				CLANG_WARN__DUPLICATE_METHOD_MATCH = YES;
				COPY_PHASE_STRIP = NO;
				DEBUG_INFORMATION_FORMAT = dwarf;
				ENABLE_STRICT_OBJC_MSGSEND = YES;
				ENABLE_TESTABILITY = YES;
				GCC_C_LANGUAGE_STANDARD = gnu11;
				GCC_DYNAMIC_NO_PIC = NO;
				GCC_NO_COMMON_BLOCKS = YES;
				GCC_OPTIMIZATION_LEVEL = 0;
				GCC_PREPROCESSOR_DEFINITIONS = (
					"DEBUG=1",
					"$(inherited)",
				);
				GCC_WARN_64_TO_32_BIT_CONVERSION = YES;
				GCC_WARN_ABOUT_RETURN_TYPE = YES_ERROR;
				GCC_WARN_UNDECLARED_SELECTOR = YES;
				GCC_WARN_UNINITIALIZED_AUTOS = YES_AGGRESSIVE;
				GCC_WARN_UNUSED_FUNCTION = YES;
				GCC_WARN_UNUSED_VARIABLE = YES;
				IPHONEOS_DEPLOYMENT_TARGET = 9.0;
				MTL_ENABLE_DEBUG_INFO = INCLUDE_SOURCE;
				MTL_FAST_MATH = YES;
				ONLY_ACTIVE_ARCH = YES;
				SDKROOT = iphoneos;
				SWIFT_ACTIVE_COMPILATION_CONDITIONS = DEBUG;
				SWIFT_OPTIMIZATION_LEVEL = "-Onone";
			};
			name = Debug;
		};
		7C3B7D34267588B9005286D3 /* Release */ = {
			isa = XCBuildConfiguration;
			buildSettings = {
				ALWAYS_SEARCH_USER_PATHS = NO;
				CLANG_ANALYZER_NONNULL = YES;
				CLANG_ANALYZER_NUMBER_OBJECT_CONVERSION = YES_AGGRESSIVE;
				CLANG_CXX_LANGUAGE_STANDARD = "gnu++14";
				CLANG_CXX_LIBRARY = "libc++";
				CLANG_ENABLE_MODULES = YES;
				CLANG_ENABLE_OBJC_ARC = YES;
				CLANG_ENABLE_OBJC_WEAK = YES;
				CLANG_WARN_BLOCK_CAPTURE_AUTORELEASING = YES;
				CLANG_WARN_BOOL_CONVERSION = YES;
				CLANG_WARN_COMMA = YES;
				CLANG_WARN_CONSTANT_CONVERSION = YES;
				CLANG_WARN_DEPRECATED_OBJC_IMPLEMENTATIONS = YES;
				CLANG_WARN_DIRECT_OBJC_ISA_USAGE = YES_ERROR;
				CLANG_WARN_DOCUMENTATION_COMMENTS = YES;
				CLANG_WARN_EMPTY_BODY = YES;
				CLANG_WARN_ENUM_CONVERSION = YES;
				CLANG_WARN_INFINITE_RECURSION = YES;
				CLANG_WARN_INT_CONVERSION = YES;
				CLANG_WARN_NON_LITERAL_NULL_CONVERSION = YES;
				CLANG_WARN_OBJC_IMPLICIT_RETAIN_SELF = YES;
				CLANG_WARN_OBJC_LITERAL_CONVERSION = YES;
				CLANG_WARN_OBJC_ROOT_CLASS = YES_ERROR;
				CLANG_WARN_QUOTED_INCLUDE_IN_FRAMEWORK_HEADER = YES;
				CLANG_WARN_RANGE_LOOP_ANALYSIS = YES;
				CLANG_WARN_STRICT_PROTOTYPES = YES;
				CLANG_WARN_SUSPICIOUS_MOVE = YES;
				CLANG_WARN_UNGUARDED_AVAILABILITY = YES_AGGRESSIVE;
				CLANG_WARN_UNREACHABLE_CODE = YES;
				CLANG_WARN__DUPLICATE_METHOD_MATCH = YES;
				COPY_PHASE_STRIP = NO;
				DEBUG_INFORMATION_FORMAT = "dwarf-with-dsym";
				ENABLE_NS_ASSERTIONS = NO;
				ENABLE_STRICT_OBJC_MSGSEND = YES;
				GCC_C_LANGUAGE_STANDARD = gnu11;
				GCC_NO_COMMON_BLOCKS = YES;
				GCC_OPTIMIZATION_LEVEL = 0;
				GCC_WARN_64_TO_32_BIT_CONVERSION = YES;
				GCC_WARN_ABOUT_RETURN_TYPE = YES_ERROR;
				GCC_WARN_UNDECLARED_SELECTOR = YES;
				GCC_WARN_UNINITIALIZED_AUTOS = YES_AGGRESSIVE;
				GCC_WARN_UNUSED_FUNCTION = YES;
				GCC_WARN_UNUSED_VARIABLE = YES;
				IPHONEOS_DEPLOYMENT_TARGET = 9.0;
				MTL_ENABLE_DEBUG_INFO = NO;
				MTL_FAST_MATH = YES;
				SDKROOT = iphoneos;
				SWIFT_COMPILATION_MODE = wholemodule;
				SWIFT_OPTIMIZATION_LEVEL = "-O";
				VALIDATE_PRODUCT = YES;
			};
			name = Release;
		};
		7C3B7D36267588B9005286D3 /* Debug */ = {
			isa = XCBuildConfiguration;
			buildSettings = {
				ASSETCATALOG_COMPILER_APPICON_NAME = AppIcon;
				ASSETCATALOG_COMPILER_GLOBAL_ACCENT_COLOR_NAME = AccentColor;
				CLANG_ENABLE_MODULES = YES;
				CODE_SIGN_IDENTITY = "iPhone Developer";
				CODE_SIGN_STYLE = Manual;
				DEVELOPMENT_TEAM = PK4EEXA626;
				INFOPLIST_FILE = demoCrash/Info.plist;
				IPHONEOS_DEPLOYMENT_TARGET = 9.0;
				LD_RUNPATH_SEARCH_PATHS = (
					"$(inherited)",
					"@executable_path/Frameworks",
				);
				PRODUCT_BUNDLE_IDENTIFIER = chenbing.demoCrash;
				PRODUCT_NAME = "$(TARGET_NAME)";
				PROVISIONING_PROFILE_SPECIFIER = "match2 Development *";
				SWIFT_OBJC_BRIDGING_HEADER = "demoCrash/demoCrash-Bridging-Header.h";
				SWIFT_OPTIMIZATION_LEVEL = "-Onone";
				SWIFT_VERSION = 5.0;
				TARGETED_DEVICE_FAMILY = "1,2";
			};
			name = Debug;
		};
		7C3B7D37267588B9005286D3 /* Release */ = {
			isa = XCBuildConfiguration;
			buildSettings = {
				ASSETCATALOG_COMPILER_APPICON_NAME = AppIcon;
				ASSETCATALOG_COMPILER_GLOBAL_ACCENT_COLOR_NAME = AccentColor;
				CLANG_ENABLE_MODULES = YES;
				CODE_SIGN_IDENTITY = "iPhone Developer";
				CODE_SIGN_STYLE = Manual;
				DEVELOPMENT_TEAM = PK4EEXA626;
				INFOPLIST_FILE = demoCrash/Info.plist;
				IPHONEOS_DEPLOYMENT_TARGET = 9.0;
				LD_RUNPATH_SEARCH_PATHS = (
					"$(inherited)",
					"@executable_path/Frameworks",
				);
				PRODUCT_BUNDLE_IDENTIFIER = chenbing.demoCrash;
				PRODUCT_NAME = "$(TARGET_NAME)";
				PROVISIONING_PROFILE_SPECIFIER = "match2 Development *";
				SWIFT_OBJC_BRIDGING_HEADER = "demoCrash/demoCrash-Bridging-Header.h";
				SWIFT_VERSION = 5.0;
				TARGETED_DEVICE_FAMILY = "1,2";
			};
			name = Release;
		};
/* End XCBuildConfiguration section */

/* Begin XCConfigurationList section */
		7C3B7D1C267588B8005286D3 /* Build configuration list for PBXProject "demoCrash" */ = {
			isa = XCConfigurationList;
			buildConfigurations = (
				7C3B7D33267588B9005286D3 /* Debug */,
				7C3B7D34267588B9005286D3 /* Release */,
			);
			defaultConfigurationIsVisible = 0;
			defaultConfigurationName = Release;
		};
		7C3B7D35267588B9005286D3 /* Build configuration list for PBXNativeTarget "demoCrash" */ = {
			isa = XCConfigurationList;
			buildConfigurations = (
				7C3B7D36267588B9005286D3 /* Debug */,
				7C3B7D37267588B9005286D3 /* Release */,
			);
			defaultConfigurationIsVisible = 0;
			defaultConfigurationName = Release;
		};
/* End XCConfigurationList section */
	};
	rootObject = 7C3B7D19267588B8005286D3 /* Project object */;
}
